
Microsoft Visual Studio Solution File, Format Version 12.00
# Visual Studio Version 17
VisualStudioVersion = 17.12.35707.178 d17.12
MinimumVisualStudioVersion = 10.0.40219.1
Project("{FAE04EC0-301F-11D3-BF4B-00C04F79EFBC}") = "posts", "posts\posts.csproj", "{10D6652F-5BB3-499F-A21C-C86744EF4BAC}"
EndProject
Project("{FAE04EC0-301F-11D3-BF4B-00C04F79EFBC}") = "MongoDB", "MongoDB\MongoDB.csproj", "{D81B7EB5-D513-4953-93B5-62319ECA7A06}"
EndProject
Project("{FAE04EC0-301F-11D3-BF4B-00C04F79EFBC}") = "PGAdminDAL", "PGAdminDAL\PGAdminDAL.csproj", "{4ECA9E17-0820-4C34-B34E-F9C8AEB9DCB2}"
EndProject
Project("{FAE04EC0-301F-11D3-BF4B-00C04F79EFBC}") = "RedisDAL", "RedisDAL\RedisDAL.csproj", "{BD6750AA-4D8A-4BD3-9FE3-0E952CA59B86}"
EndProject
Project("{FAE04EC0-301F-11D3-BF4B-00C04F79EFBC}") = "Hash", "Hash\Hash.csproj", "{7AC04B32-3316-4BF4-A780-005F0AFA82CC}"
EndProject
Global
	GlobalSection(SolutionConfigurationPlatforms) = preSolution
		Debug|Any CPU = Debug|Any CPU
		Release|Any CPU = Release|Any CPU
	EndGlobalSection
	GlobalSection(ProjectConfigurationPlatforms) = postSolution
		{10D6652F-5BB3-499F-A21C-C86744EF4BAC}.Debug|Any CPU.ActiveCfg = Debug|Any CPU
		{10D6652F-5BB3-499F-A21C-C86744EF4BAC}.Debug|Any CPU.Build.0 = Debug|Any CPU
		{10D6652F-5BB3-499F-A21C-C86744EF4BAC}.Release|Any CPU.ActiveCfg = Release|Any CPU
		{10D6652F-5BB3-499F-A21C-C86744EF4BAC}.Release|Any CPU.Build.0 = Release|Any CPU
		{D81B7EB5-D513-4953-93B5-62319ECA7A06}.Debug|Any CPU.ActiveCfg = Debug|Any CPU
		{D81B7EB5-D513-4953-93B5-62319ECA7A06}.Debug|Any CPU.Build.0 = Debug|Any CPU
		{D81B7EB5-D513-4953-93B5-62319ECA7A06}.Release|Any CPU.ActiveCfg = Release|Any CPU
		{D81B7EB5-D513-4953-93B5-62319ECA7A06}.Release|Any CPU.Build.0 = Release|Any CPU
		{4ECA9E17-0820-4C34-B34E-F9C8AEB9DCB2}.Debug|Any CPU.ActiveCfg = Debug|Any CPU
		{4ECA9E17-0820-4C34-B34E-F9C8AEB9DCB2}.Debug|Any CPU.Build.0 = Debug|Any CPU
		{4ECA9E17-0820-4C34-B34E-F9C8AEB9DCB2}.Release|Any CPU.ActiveCfg = Release|Any CPU
		{4ECA9E17-0820-4C34-B34E-F9C8AEB9DCB2}.Release|Any CPU.Build.0 = Release|Any CPU
		{BD6750AA-4D8A-4BD3-9FE3-0E952CA59B86}.Debug|Any CPU.ActiveCfg = Debug|Any CPU
		{BD6750AA-4D8A-4BD3-9FE3-0E952CA59B86}.Debug|Any CPU.Build.0 = Debug|Any CPU
		{BD6750AA-4D8A-4BD3-9FE3-0E952CA59B86}.Release|Any CPU.ActiveCfg = Release|Any CPU
		{BD6750AA-4D8A-4BD3-9FE3-0E952CA59B86}.Release|Any CPU.Build.0 = Release|Any CPU
		{7AC04B32-3316-4BF4-A780-005F0AFA82CC}.Debug|Any CPU.ActiveCfg = Debug|Any CPU
		{7AC04B32-3316-4BF4-A780-005F0AFA82CC}.Debug|Any CPU.Build.0 = Debug|Any CPU
		{7AC04B32-3316-4BF4-A780-005F0AFA82CC}.Release|Any CPU.ActiveCfg = Release|Any CPU
		{7AC04B32-3316-4BF4-A780-005F0AFA82CC}.Release|Any CPU.Build.0 = Release|Any CPU
	EndGlobalSection
	GlobalSection(SolutionProperties) = preSolution
		HideSolutionNode = FALSE
	EndGlobalSection
EndGlobal
