
Microsoft Visual Studio Solution File, Format Version 12.00
# Visual Studio Version 17
VisualStudioVersion = 17.12.35707.178
MinimumVisualStudioVersion = 10.0.40219.1
Project("{FAE04EC0-301F-11D3-BF4B-00C04F79EFBC}") = "Admin", "Admin\Admin.csproj", "{170DC962-036B-4990-8D15-10FF52E2549E}"
EndProject
Project("{FAE04EC0-301F-11D3-BF4B-00C04F79EFBC}") = "MongoDB", "MongoDB\MongoDB.csproj", "{F726DD47-EB65-41A6-ABA3-AFA731062C42}"
EndProject
Project("{FAE04EC0-301F-11D3-BF4B-00C04F79EFBC}") = "Hash", "Hash\Hash.csproj", "{8C0AAACF-5751-4B87-B940-068668A542EE}"
EndProject
Project("{FAE04EC0-301F-11D3-BF4B-00C04F79EFBC}") = "PGAdminDAL", "PGAdminDAL\PGAdminDAL.csproj", "{CCD66708-B800-48D7-8544-6BB7B14E2305}"
EndProject
Global
	GlobalSection(SolutionConfigurationPlatforms) = preSolution
		Debug|Any CPU = Debug|Any CPU
		Release|Any CPU = Release|Any CPU
	EndGlobalSection
	GlobalSection(ProjectConfigurationPlatforms) = postSolution
		{170DC962-036B-4990-8D15-10FF52E2549E}.Debug|Any CPU.ActiveCfg = Debug|Any CPU
		{170DC962-036B-4990-8D15-10FF52E2549E}.Debug|Any CPU.Build.0 = Debug|Any CPU
		{170DC962-036B-4990-8D15-10FF52E2549E}.Release|Any CPU.ActiveCfg = Release|Any CPU
		{170DC962-036B-4990-8D15-10FF52E2549E}.Release|Any CPU.Build.0 = Release|Any CPU
		{F726DD47-EB65-41A6-ABA3-AFA731062C42}.Debug|Any CPU.ActiveCfg = Debug|Any CPU
		{F726DD47-EB65-41A6-ABA3-AFA731062C42}.Debug|Any CPU.Build.0 = Debug|Any CPU
		{F726DD47-EB65-41A6-ABA3-AFA731062C42}.Release|Any CPU.ActiveCfg = Release|Any CPU
		{F726DD47-EB65-41A6-ABA3-AFA731062C42}.Release|Any CPU.Build.0 = Release|Any CPU
		{8C0AAACF-5751-4B87-B940-068668A542EE}.Debug|Any CPU.ActiveCfg = Debug|Any CPU
		{8C0AAACF-5751-4B87-B940-068668A542EE}.Debug|Any CPU.Build.0 = Debug|Any CPU
		{8C0AAACF-5751-4B87-B940-068668A542EE}.Release|Any CPU.ActiveCfg = Release|Any CPU
		{8C0AAACF-5751-4B87-B940-068668A542EE}.Release|Any CPU.Build.0 = Release|Any CPU
		{CCD66708-B800-48D7-8544-6BB7B14E2305}.Debug|Any CPU.ActiveCfg = Debug|Any CPU
		{CCD66708-B800-48D7-8544-6BB7B14E2305}.Debug|Any CPU.Build.0 = Debug|Any CPU
		{CCD66708-B800-48D7-8544-6BB7B14E2305}.Release|Any CPU.ActiveCfg = Release|Any CPU
		{CCD66708-B800-48D7-8544-6BB7B14E2305}.Release|Any CPU.Build.0 = Release|Any CPU
	EndGlobalSection
	GlobalSection(SolutionProperties) = preSolution
		HideSolutionNode = FALSE
	EndGlobalSection
EndGlobal
