
Microsoft Visual Studio Solution File, Format Version 12.00
# Visual Studio Version 17
VisualStudioVersion = 17.12.35707.178
MinimumVisualStudioVersion = 10.0.40219.1
Project("{FAE04EC0-301F-11D3-BF4B-00C04F79EFBC}") = "messager", "message\messager.csproj", "{6D72F700-3F93-4814-94E2-4232C61C2067}"
EndProject
Project("{FAE04EC0-301F-11D3-BF4B-00C04F79EFBC}") = "MongoDB", "MongoDB\MongoDB.csproj", "{1B91E5FC-7FFA-4227-BA33-3022D54305B5}"
EndProject
Project("{FAE04EC0-301F-11D3-BF4B-00C04F79EFBC}") = "PGAdminDAL", "PGAdminDAL\PGAdminDAL.csproj", "{4D740737-16C3-4486-86E3-A88004DE259C}"
EndProject
Project("{FAE04EC0-301F-11D3-BF4B-00C04F79EFBC}") = "RedisDAL", "RedisDAL\RedisDAL.csproj", "{F79D68C0-8456-4931-B3CA-06FCF7381B41}"
EndProject
Project("{FAE04EC0-301F-11D3-BF4B-00C04F79EFBC}") = "Hash", "Hash\Hash.csproj", "{B5D082F4-2C43-4B68-82DF-B297F55D2543}"
EndProject
Global
	GlobalSection(SolutionConfigurationPlatforms) = preSolution
		Debug|Any CPU = Debug|Any CPU
		Release|Any CPU = Release|Any CPU
	EndGlobalSection
	GlobalSection(ProjectConfigurationPlatforms) = postSolution
		{6D72F700-3F93-4814-94E2-4232C61C2067}.Debug|Any CPU.ActiveCfg = Debug|Any CPU
		{6D72F700-3F93-4814-94E2-4232C61C2067}.Debug|Any CPU.Build.0 = Debug|Any CPU
		{6D72F700-3F93-4814-94E2-4232C61C2067}.Release|Any CPU.ActiveCfg = Release|Any CPU
		{6D72F700-3F93-4814-94E2-4232C61C2067}.Release|Any CPU.Build.0 = Release|Any CPU
		{1B91E5FC-7FFA-4227-BA33-3022D54305B5}.Debug|Any CPU.ActiveCfg = Debug|Any CPU
		{1B91E5FC-7FFA-4227-BA33-3022D54305B5}.Debug|Any CPU.Build.0 = Debug|Any CPU
		{1B91E5FC-7FFA-4227-BA33-3022D54305B5}.Release|Any CPU.ActiveCfg = Release|Any CPU
		{1B91E5FC-7FFA-4227-BA33-3022D54305B5}.Release|Any CPU.Build.0 = Release|Any CPU
		{4D740737-16C3-4486-86E3-A88004DE259C}.Debug|Any CPU.ActiveCfg = Debug|Any CPU
		{4D740737-16C3-4486-86E3-A88004DE259C}.Debug|Any CPU.Build.0 = Debug|Any CPU
		{4D740737-16C3-4486-86E3-A88004DE259C}.Release|Any CPU.ActiveCfg = Release|Any CPU
		{4D740737-16C3-4486-86E3-A88004DE259C}.Release|Any CPU.Build.0 = Release|Any CPU
		{F79D68C0-8456-4931-B3CA-06FCF7381B41}.Debug|Any CPU.ActiveCfg = Debug|Any CPU
		{F79D68C0-8456-4931-B3CA-06FCF7381B41}.Debug|Any CPU.Build.0 = Debug|Any CPU
		{F79D68C0-8456-4931-B3CA-06FCF7381B41}.Release|Any CPU.ActiveCfg = Release|Any CPU
		{F79D68C0-8456-4931-B3CA-06FCF7381B41}.Release|Any CPU.Build.0 = Release|Any CPU
		{B5D082F4-2C43-4B68-82DF-B297F55D2543}.Debug|Any CPU.ActiveCfg = Debug|Any CPU
		{B5D082F4-2C43-4B68-82DF-B297F55D2543}.Debug|Any CPU.Build.0 = Debug|Any CPU
		{B5D082F4-2C43-4B68-82DF-B297F55D2543}.Release|Any CPU.ActiveCfg = Release|Any CPU
		{B5D082F4-2C43-4B68-82DF-B297F55D2543}.Release|Any CPU.Build.0 = Release|Any CPU
	EndGlobalSection
	GlobalSection(SolutionProperties) = preSolution
		HideSolutionNode = FALSE
	EndGlobalSection
EndGlobal
